
Microsoft Visual Studio Solution File, Format Version 12.00
# Visual Studio Version 17
VisualStudioVersion = 17.8.34525.116
MinimumVisualStudioVersion = 10.0.40219.1
Project("{FAE04EC0-301F-11D3-BF4B-00C04F79EFBC}") = "Day 9 Lab", "Day 9 Lab\Day 9 Lab.csproj", "{F6EEA91F-CA97-4E6C-BC8A-E9920F60CDCD}"
EndProject
Global
	GlobalSection(SolutionConfigurationPlatforms) = preSolution
		Debug|Any CPU = Debug|Any CPU
		Release|Any CPU = Release|Any CPU
	EndGlobalSection
	GlobalSection(ProjectConfigurationPlatforms) = postSolution
		{F6EEA91F-CA97-4E6C-BC8A-E9920F60CDCD}.Debug|Any CPU.ActiveCfg = Debug|Any CPU
		{F6EEA91F-CA97-4E6C-BC8A-E9920F60CDCD}.Debug|Any CPU.Build.0 = Debug|Any CPU
		{F6EEA91F-CA97-4E6C-BC8A-E9920F60CDCD}.Release|Any CPU.ActiveCfg = Release|Any CPU
		{F6EEA91F-CA97-4E6C-BC8A-E9920F60CDCD}.Release|Any CPU.Build.0 = Release|Any CPU
	EndGlobalSection
	GlobalSection(SolutionProperties) = preSolution
		HideSolutionNode = FALSE
	EndGlobalSection
	GlobalSection(ExtensibilityGlobals) = postSolution
		SolutionGuid = {3F4C204A-34C2-4D85-8D8D-A012AE173DE6}
	EndGlobalSection
EndGlobal
